// !$*UTF8*$!
{
	archiveVersion = 1;
	classes = {
	};
	objectVersion = 50;
	objects = {

/* Begin PBXBuildFile section */
		8FAA3E23255C3BF1000ABE7A /* AppDelegate.swift in Sources */ = {isa = PBXBuildFile; fileRef = 8FAA3E22255C3BF1000ABE7A /* AppDelegate.swift */; };
		8FAA3E25255C3BF1000ABE7A /* SceneDelegate.swift in Sources */ = {isa = PBXBuildFile; fileRef = 8FAA3E24255C3BF1000ABE7A /* SceneDelegate.swift */; };
		8FAA3E27255C3BF1000ABE7A /* InfoContentView.swift in Sources */ = {isa = PBXBuildFile; fileRef = 8FAA3E26255C3BF1000ABE7A /* InfoContentView.swift */; };
		8FAA3E29255C3BF5000ABE7A /* Assets.xcassets in Resources */ = {isa = PBXBuildFile; fileRef = 8FAA3E28255C3BF5000ABE7A /* Assets.xcassets */; };
		8FAA3E2C255C3BF5000ABE7A /* Preview Assets.xcassets in Resources */ = {isa = PBXBuildFile; fileRef = 8FAA3E2B255C3BF5000ABE7A /* Preview Assets.xcassets */; };
		8FAA3E2F255C3BF5000ABE7A /* LaunchScreen.storyboard in Resources */ = {isa = PBXBuildFile; fileRef = 8FAA3E2D255C3BF5000ABE7A /* LaunchScreen.storyboard */; };
		8FAA3E3F255C3CED000ABE7A /* SwiftUIParsingPracticeTests.swift in Sources */ = {isa = PBXBuildFile; fileRef = 8FAA3E3E255C3CED000ABE7A /* SwiftUIParsingPracticeTests.swift */; };
		8FAA3E4E255C408E000ABE7A /* GloballyApplied.swift in Sources */ = {isa = PBXBuildFile; fileRef = 8FAA3E4D255C408E000ABE7A /* GloballyApplied.swift */; };
		8FAA3E52255C40A4000ABE7A /* ParsableModels.swift in Sources */ = {isa = PBXBuildFile; fileRef = 8FAA3E51255C40A4000ABE7A /* ParsableModels.swift */; };
		8FAA3E5F255C41EA000ABE7A /* CombineNetworkPulls.swift in Sources */ = {isa = PBXBuildFile; fileRef = 8FAA3E5E255C41EA000ABE7A /* CombineNetworkPulls.swift */; };
		8FAA3E63255C4242000ABE7A /* CombineViewModel.swift in Sources */ = {isa = PBXBuildFile; fileRef = 8FAA3E62255C4242000ABE7A /* CombineViewModel.swift */; };
		8FAA3E69255C5022000ABE7A /* SemiCombineNetworking.swift in Sources */ = {isa = PBXBuildFile; fileRef = 8FAA3E68255C5022000ABE7A /* SemiCombineNetworking.swift */; };
		8FAA3E87255C5EEA000ABE7A /* UITesting.swift in Sources */ = {isa = PBXBuildFile; fileRef = 8FAA3E86255C5EEA000ABE7A /* UITesting.swift */; };
/* End PBXBuildFile section */

/* Begin PBXContainerItemProxy section */
		8FAA3E41255C3CED000ABE7A /* PBXContainerItemProxy */ = {
			isa = PBXContainerItemProxy;
			containerPortal = 8FAA3E17255C3BF1000ABE7A /* Project object */;
			proxyType = 1;
			remoteGlobalIDString = 8FAA3E1E255C3BF1000ABE7A;
			remoteInfo = SwiftUIParsingPractice;
		};
		8FAA3E89255C5EEA000ABE7A /* PBXContainerItemProxy */ = {
			isa = PBXContainerItemProxy;
			containerPortal = 8FAA3E17255C3BF1000ABE7A /* Project object */;
			proxyType = 1;
			remoteGlobalIDString = 8FAA3E1E255C3BF1000ABE7A;
			remoteInfo = SwiftUIParsingPractice;
		};
/* End PBXContainerItemProxy section */

/* Begin PBXFileReference section */
		8FAA3E1F255C3BF1000ABE7A /* SwiftUIParsingPractice.app */ = {isa = PBXFileReference; explicitFileType = wrapper.application; includeInIndex = 0; path = SwiftUIParsingPractice.app; sourceTree = BUILT_PRODUCTS_DIR; };
		8FAA3E22255C3BF1000ABE7A /* AppDelegate.swift */ = {isa = PBXFileReference; lastKnownFileType = sourcecode.swift; path = AppDelegate.swift; sourceTree = "<group>"; };
		8FAA3E24255C3BF1000ABE7A /* SceneDelegate.swift */ = {isa = PBXFileReference; lastKnownFileType = sourcecode.swift; path = SceneDelegate.swift; sourceTree = "<group>"; };
		8FAA3E26255C3BF1000ABE7A /* InfoContentView.swift */ = {isa = PBXFileReference; lastKnownFileType = sourcecode.swift; path = InfoContentView.swift; sourceTree = "<group>"; };
		8FAA3E28255C3BF5000ABE7A /* Assets.xcassets */ = {isa = PBXFileReference; lastKnownFileType = folder.assetcatalog; path = Assets.xcassets; sourceTree = "<group>"; };
		8FAA3E2B255C3BF5000ABE7A /* Preview Assets.xcassets */ = {isa = PBXFileReference; lastKnownFileType = folder.assetcatalog; path = "Preview Assets.xcassets"; sourceTree = "<group>"; };
		8FAA3E2E255C3BF5000ABE7A /* Base */ = {isa = PBXFileReference; lastKnownFileType = file.storyboard; name = Base; path = Base.lproj/LaunchScreen.storyboard; sourceTree = "<group>"; };
		8FAA3E30255C3BF5000ABE7A /* Info.plist */ = {isa = PBXFileReference; lastKnownFileType = text.plist.xml; path = Info.plist; sourceTree = "<group>"; };
		8FAA3E3C255C3CED000ABE7A /* SwiftUIParsingPracticeTests.xctest */ = {isa = PBXFileReference; explicitFileType = wrapper.cfbundle; includeInIndex = 0; path = SwiftUIParsingPracticeTests.xctest; sourceTree = BUILT_PRODUCTS_DIR; };
		8FAA3E3E255C3CED000ABE7A /* SwiftUIParsingPracticeTests.swift */ = {isa = PBXFileReference; lastKnownFileType = sourcecode.swift; path = SwiftUIParsingPracticeTests.swift; sourceTree = "<group>"; };
		8FAA3E40255C3CED000ABE7A /* Info.plist */ = {isa = PBXFileReference; lastKnownFileType = text.plist.xml; path = Info.plist; sourceTree = "<group>"; };
		8FAA3E4D255C408E000ABE7A /* GloballyApplied.swift */ = {isa = PBXFileReference; lastKnownFileType = sourcecode.swift; path = GloballyApplied.swift; sourceTree = "<group>"; };
		8FAA3E51255C40A4000ABE7A /* ParsableModels.swift */ = {isa = PBXFileReference; lastKnownFileType = sourcecode.swift; path = ParsableModels.swift; sourceTree = "<group>"; };
		8FAA3E5E255C41EA000ABE7A /* CombineNetworkPulls.swift */ = {isa = PBXFileReference; lastKnownFileType = sourcecode.swift; path = CombineNetworkPulls.swift; sourceTree = "<group>"; };
		8FAA3E62255C4242000ABE7A /* CombineViewModel.swift */ = {isa = PBXFileReference; lastKnownFileType = sourcecode.swift; path = CombineViewModel.swift; sourceTree = "<group>"; };
		8FAA3E68255C5022000ABE7A /* SemiCombineNetworking.swift */ = {isa = PBXFileReference; lastKnownFileType = sourcecode.swift; path = SemiCombineNetworking.swift; sourceTree = "<group>"; };
		8FAA3E84255C5EEA000ABE7A /* UITesting.xctest */ = {isa = PBXFileReference; explicitFileType = wrapper.cfbundle; includeInIndex = 0; path = UITesting.xctest; sourceTree = BUILT_PRODUCTS_DIR; };
		8FAA3E86255C5EEA000ABE7A /* UITesting.swift */ = {isa = PBXFileReference; lastKnownFileType = sourcecode.swift; path = UITesting.swift; sourceTree = "<group>"; };
		8FAA3E88255C5EEA000ABE7A /* Info.plist */ = {isa = PBXFileReference; lastKnownFileType = text.plist.xml; path = Info.plist; sourceTree = "<group>"; };
/* End PBXFileReference section */

/* Begin PBXFrameworksBuildPhase section */
		8FAA3E1C255C3BF1000ABE7A /* Frameworks */ = {
			isa = PBXFrameworksBuildPhase;
			buildActionMask = 2147483647;
			files = (
			);
			runOnlyForDeploymentPostprocessing = 0;
		};
		8FAA3E39255C3CED000ABE7A /* Frameworks */ = {
			isa = PBXFrameworksBuildPhase;
			buildActionMask = 2147483647;
			files = (
			);
			runOnlyForDeploymentPostprocessing = 0;
		};
		8FAA3E81255C5EEA000ABE7A /* Frameworks */ = {
			isa = PBXFrameworksBuildPhase;
			buildActionMask = 2147483647;
			files = (
			);
			runOnlyForDeploymentPostprocessing = 0;
		};
/* End PBXFrameworksBuildPhase section */

/* Begin PBXGroup section */
		8FAA3E16255C3BF1000ABE7A = {
			isa = PBXGroup;
			children = (
				8FAA3E21255C3BF1000ABE7A /* SwiftUIParsingPractice */,
				8FAA3E3D255C3CED000ABE7A /* SwiftUIParsingPracticeTests */,
				8FAA3E85255C5EEA000ABE7A /* UITesting */,
				8FAA3E20255C3BF1000ABE7A /* Products */,
			);
			sourceTree = "<group>";
		};
		8FAA3E20255C3BF1000ABE7A /* Products */ = {
			isa = PBXGroup;
			children = (
				8FAA3E1F255C3BF1000ABE7A /* SwiftUIParsingPractice.app */,
				8FAA3E3C255C3CED000ABE7A /* SwiftUIParsingPracticeTests.xctest */,
				8FAA3E84255C5EEA000ABE7A /* UITesting.xctest */,
			);
			name = Products;
			sourceTree = "<group>";
		};
		8FAA3E21255C3BF1000ABE7A /* SwiftUIParsingPractice */ = {
			isa = PBXGroup;
			children = (
				8FAA3E71255C536D000ABE7A /* Defaults */,
				8FAA3E6E255C5364000ABE7A /* Models */,
				8FAA3E6D255C5356000ABE7A /* Views */,
				8FAA3E6C255C5349000ABE7A /* Networking */,
				8FAA3E72255C5389000ABE7A /* ViewModels */,
				8FAA3E28255C3BF5000ABE7A /* Assets.xcassets */,
				8FAA3E2D255C3BF5000ABE7A /* LaunchScreen.storyboard */,
				8FAA3E30255C3BF5000ABE7A /* Info.plist */,
				8FAA3E2A255C3BF5000ABE7A /* Preview Content */,
			);
			path = SwiftUIParsingPractice;
			sourceTree = "<group>";
		};
		8FAA3E2A255C3BF5000ABE7A /* Preview Content */ = {
			isa = PBXGroup;
			children = (
				8FAA3E2B255C3BF5000ABE7A /* Preview Assets.xcassets */,
			);
			path = "Preview Content";
			sourceTree = "<group>";
		};
		8FAA3E3D255C3CED000ABE7A /* SwiftUIParsingPracticeTests */ = {
			isa = PBXGroup;
			children = (
				8FAA3E3E255C3CED000ABE7A /* SwiftUIParsingPracticeTests.swift */,
				8FAA3E40255C3CED000ABE7A /* Info.plist */,
			);
			path = SwiftUIParsingPracticeTests;
			sourceTree = "<group>";
		};
		8FAA3E6C255C5349000ABE7A /* Networking */ = {
			isa = PBXGroup;
			children = (
				8FAA3E68255C5022000ABE7A /* SemiCombineNetworking.swift */,
				8FAA3E5E255C41EA000ABE7A /* CombineNetworkPulls.swift */,
			);
			path = Networking;
			sourceTree = "<group>";
		};
		8FAA3E6D255C5356000ABE7A /* Views */ = {
			isa = PBXGroup;
			children = (
				8FAA3E26255C3BF1000ABE7A /* InfoContentView.swift */,
			);
			path = Views;
			sourceTree = "<group>";
		};
		8FAA3E6E255C5364000ABE7A /* Models */ = {
			isa = PBXGroup;
			children = (
				8FAA3E4D255C408E000ABE7A /* GloballyApplied.swift */,
				8FAA3E51255C40A4000ABE7A /* ParsableModels.swift */,
			);
			path = Models;
			sourceTree = "<group>";
		};
		8FAA3E71255C536D000ABE7A /* Defaults */ = {
			isa = PBXGroup;
			children = (
				8FAA3E22255C3BF1000ABE7A /* AppDelegate.swift */,
				8FAA3E24255C3BF1000ABE7A /* SceneDelegate.swift */,
			);
			path = Defaults;
			sourceTree = "<group>";
		};
		8FAA3E72255C5389000ABE7A /* ViewModels */ = {
			isa = PBXGroup;
			children = (
				8FAA3E62255C4242000ABE7A /* CombineViewModel.swift */,
			);
			path = ViewModels;
			sourceTree = "<group>";
		};
		8FAA3E85255C5EEA000ABE7A /* UITesting */ = {
			isa = PBXGroup;
			children = (
				8FAA3E86255C5EEA000ABE7A /* UITesting.swift */,
				8FAA3E88255C5EEA000ABE7A /* Info.plist */,
			);
			path = UITesting;
			sourceTree = "<group>";
		};
/* End PBXGroup section */

/* Begin PBXNativeTarget section */
		8FAA3E1E255C3BF1000ABE7A /* SwiftUIParsingPractice */ = {
			isa = PBXNativeTarget;
			buildConfigurationList = 8FAA3E33255C3BF5000ABE7A /* Build configuration list for PBXNativeTarget "SwiftUIParsingPractice" */;
			buildPhases = (
				8FAA3E1B255C3BF1000ABE7A /* Sources */,
				8FAA3E1C255C3BF1000ABE7A /* Frameworks */,
				8FAA3E1D255C3BF1000ABE7A /* Resources */,
			);
			buildRules = (
			);
			dependencies = (
			);
			name = SwiftUIParsingPractice;
			productName = SwiftUIParsingPractice;
			productReference = 8FAA3E1F255C3BF1000ABE7A /* SwiftUIParsingPractice.app */;
			productType = "com.apple.product-type.application";
		};
		8FAA3E3B255C3CED000ABE7A /* SwiftUIParsingPracticeTests */ = {
			isa = PBXNativeTarget;
			buildConfigurationList = 8FAA3E43255C3CED000ABE7A /* Build configuration list for PBXNativeTarget "SwiftUIParsingPracticeTests" */;
			buildPhases = (
				8FAA3E38255C3CED000ABE7A /* Sources */,
				8FAA3E39255C3CED000ABE7A /* Frameworks */,
				8FAA3E3A255C3CED000ABE7A /* Resources */,
			);
			buildRules = (
			);
			dependencies = (
				8FAA3E42255C3CED000ABE7A /* PBXTargetDependency */,
			);
			name = SwiftUIParsingPracticeTests;
			productName = SwiftUIParsingPracticeTests;
			productReference = 8FAA3E3C255C3CED000ABE7A /* SwiftUIParsingPracticeTests.xctest */;
			productType = "com.apple.product-type.bundle.unit-test";
		};
		8FAA3E83255C5EEA000ABE7A /* UITesting */ = {
			isa = PBXNativeTarget;
			buildConfigurationList = 8FAA3E8B255C5EEA000ABE7A /* Build configuration list for PBXNativeTarget "UITesting" */;
			buildPhases = (
				8FAA3E80255C5EEA000ABE7A /* Sources */,
				8FAA3E81255C5EEA000ABE7A /* Frameworks */,
				8FAA3E82255C5EEA000ABE7A /* Resources */,
			);
			buildRules = (
			);
			dependencies = (
				8FAA3E8A255C5EEA000ABE7A /* PBXTargetDependency */,
			);
			name = UITesting;
			productName = UITesting;
			productReference = 8FAA3E84255C5EEA000ABE7A /* UITesting.xctest */;
			productType = "com.apple.product-type.bundle.ui-testing";
		};
/* End PBXNativeTarget section */

/* Begin PBXProject section */
		8FAA3E17255C3BF1000ABE7A /* Project object */ = {
			isa = PBXProject;
			attributes = {
				LastSwiftUpdateCheck = 1210;
				LastUpgradeCheck = 1210;
				TargetAttributes = {
					8FAA3E1E255C3BF1000ABE7A = {
						CreatedOnToolsVersion = 12.1;
					};
					8FAA3E3B255C3CED000ABE7A = {
						CreatedOnToolsVersion = 12.1;
						TestTargetID = 8FAA3E1E255C3BF1000ABE7A;
					};
					8FAA3E83255C5EEA000ABE7A = {
						CreatedOnToolsVersion = 12.1;
						TestTargetID = 8FAA3E1E255C3BF1000ABE7A;
					};
				};
			};
			buildConfigurationList = 8FAA3E1A255C3BF1000ABE7A /* Build configuration list for PBXProject "SwiftUIParsingPractice" */;
			compatibilityVersion = "Xcode 9.3";
			developmentRegion = en;
			hasScannedForEncodings = 0;
			knownRegions = (
				en,
				Base,
			);
			mainGroup = 8FAA3E16255C3BF1000ABE7A;
			productRefGroup = 8FAA3E20255C3BF1000ABE7A /* Products */;
			projectDirPath = "";
			projectRoot = "";
			targets = (
				8FAA3E1E255C3BF1000ABE7A /* SwiftUIParsingPractice */,
				8FAA3E3B255C3CED000ABE7A /* SwiftUIParsingPracticeTests */,
				8FAA3E83255C5EEA000ABE7A /* UITesting */,
			);
		};
/* End PBXProject section */

/* Begin PBXResourcesBuildPhase section */
		8FAA3E1D255C3BF1000ABE7A /* Resources */ = {
			isa = PBXResourcesBuildPhase;
			buildActionMask = 2147483647;
			files = (
				8FAA3E2F255C3BF5000ABE7A /* LaunchScreen.storyboard in Resources */,
				8FAA3E2C255C3BF5000ABE7A /* Preview Assets.xcassets in Resources */,
				8FAA3E29255C3BF5000ABE7A /* Assets.xcassets in Resources */,
			);
			runOnlyForDeploymentPostprocessing = 0;
		};
		8FAA3E3A255C3CED000ABE7A /* Resources */ = {
			isa = PBXResourcesBuildPhase;
			buildActionMask = 2147483647;
			files = (
			);
			runOnlyForDeploymentPostprocessing = 0;
		};
		8FAA3E82255C5EEA000ABE7A /* Resources */ = {
			isa = PBXResourcesBuildPhase;
			buildActionMask = 2147483647;
			files = (
			);
			runOnlyForDeploymentPostprocessing = 0;
		};
/* End PBXResourcesBuildPhase section */

/* Begin PBXSourcesBuildPhase section */
		8FAA3E1B255C3BF1000ABE7A /* Sources */ = {
			isa = PBXSourcesBuildPhase;
			buildActionMask = 2147483647;
			files = (
				8FAA3E52255C40A4000ABE7A /* ParsableModels.swift in Sources */,
				8FAA3E69255C5022000ABE7A /* SemiCombineNetworking.swift in Sources */,
				8FAA3E23255C3BF1000ABE7A /* AppDelegate.swift in Sources */,
				8FAA3E4E255C408E000ABE7A /* GloballyApplied.swift in Sources */,
				8FAA3E63255C4242000ABE7A /* CombineViewModel.swift in Sources */,
				8FAA3E25255C3BF1000ABE7A /* SceneDelegate.swift in Sources */,
				8FAA3E27255C3BF1000ABE7A /* InfoContentView.swift in Sources */,
				8FAA3E5F255C41EA000ABE7A /* CombineNetworkPulls.swift in Sources */,
			);
			runOnlyForDeploymentPostprocessing = 0;
		};
		8FAA3E38255C3CED000ABE7A /* Sources */ = {
			isa = PBXSourcesBuildPhase;
			buildActionMask = 2147483647;
			files = (
				8FAA3E3F255C3CED000ABE7A /* SwiftUIParsingPracticeTests.swift in Sources */,
			);
			runOnlyForDeploymentPostprocessing = 0;
		};
		8FAA3E80255C5EEA000ABE7A /* Sources */ = {
			isa = PBXSourcesBuildPhase;
			buildActionMask = 2147483647;
			files = (
				8FAA3E87255C5EEA000ABE7A /* UITesting.swift in Sources */,
			);
			runOnlyForDeploymentPostprocessing = 0;
		};
/* End PBXSourcesBuildPhase section */

/* Begin PBXTargetDependency section */
		8FAA3E42255C3CED000ABE7A /* PBXTargetDependency */ = {
			isa = PBXTargetDependency;
			target = 8FAA3E1E255C3BF1000ABE7A /* SwiftUIParsingPractice */;
			targetProxy = 8FAA3E41255C3CED000ABE7A /* PBXContainerItemProxy */;
		};
		8FAA3E8A255C5EEA000ABE7A /* PBXTargetDependency */ = {
			isa = PBXTargetDependency;
			target = 8FAA3E1E255C3BF1000ABE7A /* SwiftUIParsingPractice */;
			targetProxy = 8FAA3E89255C5EEA000ABE7A /* PBXContainerItemProxy */;
		};
/* End PBXTargetDependency section */

/* Begin PBXVariantGroup section */
		8FAA3E2D255C3BF5000ABE7A /* LaunchScreen.storyboard */ = {
			isa = PBXVariantGroup;
			children = (
				8FAA3E2E255C3BF5000ABE7A /* Base */,
			);
			name = LaunchScreen.storyboard;
			sourceTree = "<group>";
		};
/* End PBXVariantGroup section */

/* Begin XCBuildConfiguration section */
		8FAA3E31255C3BF5000ABE7A /* Debug */ = {
			isa = XCBuildConfiguration;
			buildSettings = {
				ALWAYS_SEARCH_USER_PATHS = NO;
				CLANG_ANALYZER_NONNULL = YES;
				CLANG_ANALYZER_NUMBER_OBJECT_CONVERSION = YES_AGGRESSIVE;
				CLANG_CXX_LANGUAGE_STANDARD = "gnu++14";
				CLANG_CXX_LIBRARY = "libc++";
				CLANG_ENABLE_MODULES = YES;
				CLANG_ENABLE_OBJC_ARC = YES;
				CLANG_ENABLE_OBJC_WEAK = YES;
				CLANG_WARN_BLOCK_CAPTURE_AUTORELEASING = YES;
				CLANG_WARN_BOOL_CONVERSION = YES;
				CLANG_WARN_COMMA = YES;
				CLANG_WARN_CONSTANT_CONVERSION = YES;
				CLANG_WARN_DEPRECATED_OBJC_IMPLEMENTATIONS = YES;
				CLANG_WARN_DIRECT_OBJC_ISA_USAGE = YES_ERROR;
				CLANG_WARN_DOCUMENTATION_COMMENTS = YES;
				CLANG_WARN_EMPTY_BODY = YES;
				CLANG_WARN_ENUM_CONVERSION = YES;
				CLANG_WARN_INFINITE_RECURSION = YES;
				CLANG_WARN_INT_CONVERSION = YES;
				CLANG_WARN_NON_LITERAL_NULL_CONVERSION = YES;
				CLANG_WARN_OBJC_IMPLICIT_RETAIN_SELF = YES;
				CLANG_WARN_OBJC_LITERAL_CONVERSION = YES;
				CLANG_WARN_OBJC_ROOT_CLASS = YES_ERROR;
				CLANG_WARN_QUOTED_INCLUDE_IN_FRAMEWORK_HEADER = YES;
				CLANG_WARN_RANGE_LOOP_ANALYSIS = YES;
				CLANG_WARN_STRICT_PROTOTYPES = YES;
				CLANG_WARN_SUSPICIOUS_MOVE = YES;
				CLANG_WARN_UNGUARDED_AVAILABILITY = YES_AGGRESSIVE;
				CLANG_WARN_UNREACHABLE_CODE = YES;
				CLANG_WARN__DUPLICATE_METHOD_MATCH = YES;
				COPY_PHASE_STRIP = NO;
				DEBUG_INFORMATION_FORMAT = dwarf;
				ENABLE_STRICT_OBJC_MSGSEND = YES;
				ENABLE_TESTABILITY = YES;
				GCC_C_LANGUAGE_STANDARD = gnu11;
				GCC_DYNAMIC_NO_PIC = NO;
				GCC_NO_COMMON_BLOCKS = YES;
				GCC_OPTIMIZATION_LEVEL = 0;
				GCC_PREPROCESSOR_DEFINITIONS = (
					"DEBUG=1",
					"$(inherited)",
				);
				GCC_WARN_64_TO_32_BIT_CONVERSION = YES;
				GCC_WARN_ABOUT_RETURN_TYPE = YES_ERROR;
				GCC_WARN_UNDECLARED_SELECTOR = YES;
				GCC_WARN_UNINITIALIZED_AUTOS = YES_AGGRESSIVE;
				GCC_WARN_UNUSED_FUNCTION = YES;
				GCC_WARN_UNUSED_VARIABLE = YES;
				IPHONEOS_DEPLOYMENT_TARGET = 14.1;
				MTL_ENABLE_DEBUG_INFO = INCLUDE_SOURCE;
				MTL_FAST_MATH = YES;
				ONLY_ACTIVE_ARCH = YES;
				SDKROOT = iphoneos;
				SWIFT_ACTIVE_COMPILATION_CONDITIONS = DEBUG;
				SWIFT_OPTIMIZATION_LEVEL = "-Onone";
			};
			name = Debug;
		};
		8FAA3E32255C3BF5000ABE7A /* Release */ = {
			isa = XCBuildConfiguration;
			buildSettings = {
				ALWAYS_SEARCH_USER_PATHS = NO;
				CLANG_ANALYZER_NONNULL = YES;
				CLANG_ANALYZER_NUMBER_OBJECT_CONVERSION = YES_AGGRESSIVE;
				CLANG_CXX_LANGUAGE_STANDARD = "gnu++14";
				CLANG_CXX_LIBRARY = "libc++";
				CLANG_ENABLE_MODULES = YES;
				CLANG_ENABLE_OBJC_ARC = YES;
				CLANG_ENABLE_OBJC_WEAK = YES;
				CLANG_WARN_BLOCK_CAPTURE_AUTORELEASING = YES;
				CLANG_WARN_BOOL_CONVERSION = YES;
				CLANG_WARN_COMMA = YES;
				CLANG_WARN_CONSTANT_CONVERSION = YES;
				CLANG_WARN_DEPRECATED_OBJC_IMPLEMENTATIONS = YES;
				CLANG_WARN_DIRECT_OBJC_ISA_USAGE = YES_ERROR;
				CLANG_WARN_DOCUMENTATION_COMMENTS = YES;
				CLANG_WARN_EMPTY_BODY = YES;
				CLANG_WARN_ENUM_CONVERSION = YES;
				CLANG_WARN_INFINITE_RECURSION = YES;
				CLANG_WARN_INT_CONVERSION = YES;
				CLANG_WARN_NON_LITERAL_NULL_CONVERSION = YES;
				CLANG_WARN_OBJC_IMPLICIT_RETAIN_SELF = YES;
				CLANG_WARN_OBJC_LITERAL_CONVERSION = YES;
				CLANG_WARN_OBJC_ROOT_CLASS = YES_ERROR;
				CLANG_WARN_QUOTED_INCLUDE_IN_FRAMEWORK_HEADER = YES;
				CLANG_WARN_RANGE_LOOP_ANALYSIS = YES;
				CLANG_WARN_STRICT_PROTOTYPES = YES;
				CLANG_WARN_SUSPICIOUS_MOVE = YES;
				CLANG_WARN_UNGUARDED_AVAILABILITY = YES_AGGRESSIVE;
				CLANG_WARN_UNREACHABLE_CODE = YES;
				CLANG_WARN__DUPLICATE_METHOD_MATCH = YES;
				COPY_PHASE_STRIP = NO;
				DEBUG_INFORMATION_FORMAT = "dwarf-with-dsym";
				ENABLE_NS_ASSERTIONS = NO;
				ENABLE_STRICT_OBJC_MSGSEND = YES;
				GCC_C_LANGUAGE_STANDARD = gnu11;
				GCC_NO_COMMON_BLOCKS = YES;
				GCC_WARN_64_TO_32_BIT_CONVERSION = YES;
				GCC_WARN_ABOUT_RETURN_TYPE = YES_ERROR;
				GCC_WARN_UNDECLARED_SELECTOR = YES;
				GCC_WARN_UNINITIALIZED_AUTOS = YES_AGGRESSIVE;
				GCC_WARN_UNUSED_FUNCTION = YES;
				GCC_WARN_UNUSED_VARIABLE = YES;
				IPHONEOS_DEPLOYMENT_TARGET = 14.1;
				MTL_ENABLE_DEBUG_INFO = NO;
				MTL_FAST_MATH = YES;
				SDKROOT = iphoneos;
				SWIFT_COMPILATION_MODE = wholemodule;
				SWIFT_OPTIMIZATION_LEVEL = "-O";
				VALIDATE_PRODUCT = YES;
			};
			name = Release;
		};
		8FAA3E34255C3BF5000ABE7A /* Debug */ = {
			isa = XCBuildConfiguration;
			buildSettings = {
				ASSETCATALOG_COMPILER_APPICON_NAME = AppIcon;
				ASSETCATALOG_COMPILER_GLOBAL_ACCENT_COLOR_NAME = AccentColor;
				CODE_SIGN_STYLE = Automatic;
				DEVELOPMENT_ASSET_PATHS = "\"SwiftUIParsingPractice/Preview Content\"";
				DEVELOPMENT_TEAM = FQGTQT3UZ8;
				ENABLE_PREVIEWS = YES;
				INFOPLIST_FILE = SwiftUIParsingPractice/Info.plist;
				LD_RUNPATH_SEARCH_PATHS = (
					"$(inherited)",
					"@executable_path/Frameworks",
				);
				PRODUCT_BUNDLE_IDENTIFIER = com.JerExplosion.SwiftUIParsingPractice;
				PRODUCT_NAME = "$(TARGET_NAME)";
				SWIFT_VERSION = 5.0;
				TARGETED_DEVICE_FAMILY = "1,2";
			};
			name = Debug;
		};
		8FAA3E35255C3BF5000ABE7A /* Release */ = {
			isa = XCBuildConfiguration;
			buildSettings = {
				ASSETCATALOG_COMPILER_APPICON_NAME = AppIcon;
				ASSETCATALOG_COMPILER_GLOBAL_ACCENT_COLOR_NAME = AccentColor;
				CODE_SIGN_STYLE = Automatic;
				DEVELOPMENT_ASSET_PATHS = "\"SwiftUIParsingPractice/Preview Content\"";
				DEVELOPMENT_TEAM = FQGTQT3UZ8;
				ENABLE_PREVIEWS = YES;
				INFOPLIST_FILE = SwiftUIParsingPractice/Info.plist;
				LD_RUNPATH_SEARCH_PATHS = (
					"$(inherited)",
					"@executable_path/Frameworks",
				);
				PRODUCT_BUNDLE_IDENTIFIER = com.JerExplosion.SwiftUIParsingPractice;
				PRODUCT_NAME = "$(TARGET_NAME)";
				SWIFT_VERSION = 5.0;
				TARGETED_DEVICE_FAMILY = "1,2";
			};
			name = Release;
		};
		8FAA3E44255C3CED000ABE7A /* Debug */ = {
			isa = XCBuildConfiguration;
			buildSettings = {
				BUNDLE_LOADER = "$(TEST_HOST)";
				CODE_SIGN_STYLE = Automatic;
				DEVELOPMENT_TEAM = FQGTQT3UZ8;
				INFOPLIST_FILE = SwiftUIParsingPracticeTests/Info.plist;
				LD_RUNPATH_SEARCH_PATHS = (
					"$(inherited)",
					"@executable_path/Frameworks",
					"@loader_path/Frameworks",
				);
				PRODUCT_BUNDLE_IDENTIFIER = com.JerExplosion.SwiftUIParsingPracticeTests;
				PRODUCT_NAME = "$(TARGET_NAME)";
				SWIFT_VERSION = 5.0;
				TARGETED_DEVICE_FAMILY = "1,2";
				TEST_HOST = "$(BUILT_PRODUCTS_DIR)/SwiftUIParsingPractice.app/SwiftUIParsingPractice";
			};
			name = Debug;
		};
		8FAA3E45255C3CED000ABE7A /* Release */ = {
			isa = XCBuildConfiguration;
			buildSettings = {
				BUNDLE_LOADER = "$(TEST_HOST)";
				CODE_SIGN_STYLE = Automatic;
				DEVELOPMENT_TEAM = FQGTQT3UZ8;
				INFOPLIST_FILE = SwiftUIParsingPracticeTests/Info.plist;
				LD_RUNPATH_SEARCH_PATHS = (
					"$(inherited)",
					"@executable_path/Frameworks",
					"@loader_path/Frameworks",
				);
				PRODUCT_BUNDLE_IDENTIFIER = com.JerExplosion.SwiftUIParsingPracticeTests;
				PRODUCT_NAME = "$(TARGET_NAME)";
				SWIFT_VERSION = 5.0;
				TARGETED_DEVICE_FAMILY = "1,2";
				TEST_HOST = "$(BUILT_PRODUCTS_DIR)/SwiftUIParsingPractice.app/SwiftUIParsingPractice";
			};
			name = Release;
		};
		8FAA3E8C255C5EEA000ABE7A /* Debug */ = {
			isa = XCBuildConfiguration;
			buildSettings = {
				CODE_SIGN_STYLE = Automatic;
				DEVELOPMENT_TEAM = FQGTQT3UZ8;
				INFOPLIST_FILE = UITesting/Info.plist;
				LD_RUNPATH_SEARCH_PATHS = (
					"$(inherited)",
					"@executable_path/Frameworks",
					"@loader_path/Frameworks",
				);
				PRODUCT_BUNDLE_IDENTIFIER = com.JerExplosion.UITesting;
				PRODUCT_NAME = "$(TARGET_NAME)";
				SWIFT_VERSION = 5.0;
				TARGETED_DEVICE_FAMILY = "1,2";
				TEST_TARGET_NAME = SwiftUIParsingPractice;
			};
			name = Debug;
		};
		8FAA3E8D255C5EEA000ABE7A /* Release */ = {
			isa = XCBuildConfiguration;
			buildSettings = {
				CODE_SIGN_STYLE = Automatic;
				DEVELOPMENT_TEAM = FQGTQT3UZ8;
				INFOPLIST_FILE = UITesting/Info.plist;
				LD_RUNPATH_SEARCH_PATHS = (
					"$(inherited)",
					"@executable_path/Frameworks",
					"@loader_path/Frameworks",
				);
				PRODUCT_BUNDLE_IDENTIFIER = com.JerExplosion.UITesting;
				PRODUCT_NAME = "$(TARGET_NAME)";
				SWIFT_VERSION = 5.0;
				TARGETED_DEVICE_FAMILY = "1,2";
				TEST_TARGET_NAME = SwiftUIParsingPractice;
			};
			name = Release;
		};
/* End XCBuildConfiguration section */

/* Begin XCConfigurationList section */
		8FAA3E1A255C3BF1000ABE7A /* Build configuration list for PBXProject "SwiftUIParsingPractice" */ = {
			isa = XCConfigurationList;
			buildConfigurations = (
				8FAA3E31255C3BF5000ABE7A /* Debug */,
				8FAA3E32255C3BF5000ABE7A /* Release */,
			);
			defaultConfigurationIsVisible = 0;
			defaultConfigurationName = Release;
		};
		8FAA3E33255C3BF5000ABE7A /* Build configuration list for PBXNativeTarget "SwiftUIParsingPractice" */ = {
			isa = XCConfigurationList;
			buildConfigurations = (
				8FAA3E34255C3BF5000ABE7A /* Debug */,
				8FAA3E35255C3BF5000ABE7A /* Release */,
			);
			defaultConfigurationIsVisible = 0;
			defaultConfigurationName = Release;
		};
		8FAA3E43255C3CED000ABE7A /* Build configuration list for PBXNativeTarget "SwiftUIParsingPracticeTests" */ = {
			isa = XCConfigurationList;
			buildConfigurations = (
				8FAA3E44255C3CED000ABE7A /* Debug */,
				8FAA3E45255C3CED000ABE7A /* Release */,
			);
			defaultConfigurationIsVisible = 0;
			defaultConfigurationName = Release;
		};
		8FAA3E8B255C5EEA000ABE7A /* Build configuration list for PBXNativeTarget "UITesting" */ = {
			isa = XCConfigurationList;
			buildConfigurations = (
				8FAA3E8C255C5EEA000ABE7A /* Debug */,
				8FAA3E8D255C5EEA000ABE7A /* Release */,
			);
			defaultConfigurationIsVisible = 0;
			defaultConfigurationName = Release;
		};
/* End XCConfigurationList section */
	};
	rootObject = 8FAA3E17255C3BF1000ABE7A /* Project object */;
}
