// !$*UTF8*$!
{
	archiveVersion = 1;
	classes = {
	};
	objectVersion = 51;
	objects = {

/* Begin PBXBuildFile section */
		4E7A7BEDA82105CBCA4FDCC1 /* Pods_CombineKit.framework in Frameworks */ = {isa = PBXBuildFile; fileRef = 6D357D5BE822BF9DCF86E6CA /* Pods_CombineKit.framework */; };
		8FABAFC225531590001874DE /* AppDelegate.swift in Sources */ = {isa = PBXBuildFile; fileRef = 8FABAFC125531590001874DE /* AppDelegate.swift */; };
		8FABAFC425531590001874DE /* SceneDelegate.swift in Sources */ = {isa = PBXBuildFile; fileRef = 8FABAFC325531590001874DE /* SceneDelegate.swift */; };
		8FABAFC625531590001874DE /* CombineDataSourceViewController.swift in Sources */ = {isa = PBXBuildFile; fileRef = 8FABAFC525531590001874DE /* CombineDataSourceViewController.swift */; };
		8FABAFCB25531594001874DE /* Assets.xcassets in Resources */ = {isa = PBXBuildFile; fileRef = 8FABAFCA25531594001874DE /* Assets.xcassets */; };
		8FABAFCE25531594001874DE /* LaunchScreen.storyboard in Resources */ = {isa = PBXBuildFile; fileRef = 8FABAFCC25531594001874DE /* LaunchScreen.storyboard */; };
		8FABAFD725531618001874DE /* BineViewController.swift in Sources */ = {isa = PBXBuildFile; fileRef = 8FABAFD625531618001874DE /* BineViewController.swift */; };
		8FABAFDB25531B96001874DE /* ParsableModels.swift in Sources */ = {isa = PBXBuildFile; fileRef = 8FABAFDA25531B96001874DE /* ParsableModels.swift */; };
		8FABAFDE25531BBC001874DE /* GloballyApplied.swift in Sources */ = {isa = PBXBuildFile; fileRef = 8FABAFDD25531BBC001874DE /* GloballyApplied.swift */; };
		8FABAFE125531BF2001874DE /* CombineNetworkPulls.swift in Sources */ = {isa = PBXBuildFile; fileRef = 8FABAFE025531BF2001874DE /* CombineNetworkPulls.swift */; };
		8FABAFE52553275F001874DE /* CombineViewModel.swift in Sources */ = {isa = PBXBuildFile; fileRef = 8FABAFE42553275F001874DE /* CombineViewModel.swift */; };
		8FABAFE825532A76001874DE /* CustomizableCombineCell.swift in Sources */ = {isa = PBXBuildFile; fileRef = 8FABAFE725532A76001874DE /* CustomizableCombineCell.swift */; };
		8FABAFF125532B6F001874DE /* BineTableExtensions.swift in Sources */ = {isa = PBXBuildFile; fileRef = 8FABAFF025532B6F001874DE /* BineTableExtensions.swift */; };
		8FABB00F25536165001874DE /* InterfacingSwiftUIViewController.swift in Sources */ = {isa = PBXBuildFile; fileRef = 8FABB00E25536165001874DE /* InterfacingSwiftUIViewController.swift */; };
		8FABB01225536C32001874DE /* UISwift.swift in Sources */ = {isa = PBXBuildFile; fileRef = 8FABB01125536C32001874DE /* UISwift.swift */; };
		8FABB0172553B91E001874DE /* SwiftickDotUI.swift in Sources */ = {isa = PBXBuildFile; fileRef = 8FABB0162553B91E001874DE /* SwiftickDotUI.swift */; };
/* End PBXBuildFile section */

/* Begin PBXFileReference section */
		0A94AADFC0A2FBC8CD1A152C /* Pods-CombineKit.release.xcconfig */ = {isa = PBXFileReference; includeInIndex = 1; lastKnownFileType = text.xcconfig; name = "Pods-CombineKit.release.xcconfig"; path = "Target Support Files/Pods-CombineKit/Pods-CombineKit.release.xcconfig"; sourceTree = "<group>"; };
		6D357D5BE822BF9DCF86E6CA /* Pods_CombineKit.framework */ = {isa = PBXFileReference; explicitFileType = wrapper.framework; includeInIndex = 0; path = Pods_CombineKit.framework; sourceTree = BUILT_PRODUCTS_DIR; };
		8FABAFBE25531590001874DE /* CombineKit.app */ = {isa = PBXFileReference; explicitFileType = wrapper.application; includeInIndex = 0; path = CombineKit.app; sourceTree = BUILT_PRODUCTS_DIR; };
		8FABAFC125531590001874DE /* AppDelegate.swift */ = {isa = PBXFileReference; lastKnownFileType = sourcecode.swift; path = AppDelegate.swift; sourceTree = "<group>"; };
		8FABAFC325531590001874DE /* SceneDelegate.swift */ = {isa = PBXFileReference; lastKnownFileType = sourcecode.swift; path = SceneDelegate.swift; sourceTree = "<group>"; };
		8FABAFC525531590001874DE /* CombineDataSourceViewController.swift */ = {isa = PBXFileReference; lastKnownFileType = sourcecode.swift; path = CombineDataSourceViewController.swift; sourceTree = "<group>"; };
		8FABAFCA25531594001874DE /* Assets.xcassets */ = {isa = PBXFileReference; lastKnownFileType = folder.assetcatalog; path = Assets.xcassets; sourceTree = "<group>"; };
		8FABAFCD25531594001874DE /* Base */ = {isa = PBXFileReference; lastKnownFileType = file.storyboard; name = Base; path = Base.lproj/LaunchScreen.storyboard; sourceTree = "<group>"; };
		8FABAFCF25531594001874DE /* Info.plist */ = {isa = PBXFileReference; lastKnownFileType = text.plist.xml; path = Info.plist; sourceTree = "<group>"; };
		8FABAFD625531618001874DE /* BineViewController.swift */ = {isa = PBXFileReference; lastKnownFileType = sourcecode.swift; path = BineViewController.swift; sourceTree = "<group>"; };
		8FABAFDA25531B96001874DE /* ParsableModels.swift */ = {isa = PBXFileReference; lastKnownFileType = sourcecode.swift; path = ParsableModels.swift; sourceTree = "<group>"; };
		8FABAFDD25531BBC001874DE /* GloballyApplied.swift */ = {isa = PBXFileReference; lastKnownFileType = sourcecode.swift; path = GloballyApplied.swift; sourceTree = "<group>"; };
		8FABAFE025531BF2001874DE /* CombineNetworkPulls.swift */ = {isa = PBXFileReference; lastKnownFileType = sourcecode.swift; path = CombineNetworkPulls.swift; sourceTree = "<group>"; };
		8FABAFE42553275F001874DE /* CombineViewModel.swift */ = {isa = PBXFileReference; lastKnownFileType = sourcecode.swift; path = CombineViewModel.swift; sourceTree = "<group>"; };
		8FABAFE725532A76001874DE /* CustomizableCombineCell.swift */ = {isa = PBXFileReference; lastKnownFileType = sourcecode.swift; path = CustomizableCombineCell.swift; sourceTree = "<group>"; };
		8FABAFF025532B6F001874DE /* BineTableExtensions.swift */ = {isa = PBXFileReference; lastKnownFileType = sourcecode.swift; path = BineTableExtensions.swift; sourceTree = "<group>"; };
		8FABB00E25536165001874DE /* InterfacingSwiftUIViewController.swift */ = {isa = PBXFileReference; lastKnownFileType = sourcecode.swift; path = InterfacingSwiftUIViewController.swift; sourceTree = "<group>"; };
		8FABB01125536C32001874DE /* UISwift.swift */ = {isa = PBXFileReference; lastKnownFileType = sourcecode.swift; path = UISwift.swift; sourceTree = "<group>"; };
		8FABB0162553B91E001874DE /* SwiftickDotUI.swift */ = {isa = PBXFileReference; lastKnownFileType = sourcecode.swift; path = SwiftickDotUI.swift; sourceTree = "<group>"; };
		C56349CDA1BC2C5763EDAC00 /* Pods-CombineKit.debug.xcconfig */ = {isa = PBXFileReference; includeInIndex = 1; lastKnownFileType = text.xcconfig; name = "Pods-CombineKit.debug.xcconfig"; path = "Target Support Files/Pods-CombineKit/Pods-CombineKit.debug.xcconfig"; sourceTree = "<group>"; };
/* End PBXFileReference section */

/* Begin PBXFrameworksBuildPhase section */
		8FABAFBB25531590001874DE /* Frameworks */ = {
			isa = PBXFrameworksBuildPhase;
			buildActionMask = 2147483647;
			files = (
				4E7A7BEDA82105CBCA4FDCC1 /* Pods_CombineKit.framework in Frameworks */,
			);
			runOnlyForDeploymentPostprocessing = 0;
		};
/* End PBXFrameworksBuildPhase section */

/* Begin PBXGroup section */
		4FDDE2456481DC7C97CFA651 /* Pods */ = {
			isa = PBXGroup;
			children = (
				C56349CDA1BC2C5763EDAC00 /* Pods-CombineKit.debug.xcconfig */,
				0A94AADFC0A2FBC8CD1A152C /* Pods-CombineKit.release.xcconfig */,
			);
			path = Pods;
			sourceTree = "<group>";
		};
		8FABAFB525531590001874DE = {
			isa = PBXGroup;
			children = (
				8FABAFC025531590001874DE /* CombineKit */,
				8FABAFBF25531590001874DE /* Products */,
				4FDDE2456481DC7C97CFA651 /* Pods */,
				EC69AA32EBC43485E3CBFDC8 /* Frameworks */,
			);
			sourceTree = "<group>";
		};
		8FABAFBF25531590001874DE /* Products */ = {
			isa = PBXGroup;
			children = (
				8FABAFBE25531590001874DE /* CombineKit.app */,
			);
			name = Products;
			sourceTree = "<group>";
		};
		8FABAFC025531590001874DE /* CombineKit */ = {
			isa = PBXGroup;
			children = (
				8FABAFC125531590001874DE /* AppDelegate.swift */,
				8FABAFC325531590001874DE /* SceneDelegate.swift */,
				8FABB0192553B93C001874DE /* SwiftUI Views */,
				8FABAFED25532AF9001874DE /* ViewControllers */,
				8FABAFEC25532AEE001874DE /* Models */,
				8FABAFEE25532B07001874DE /* Networking */,
				8FABAFEF25532B11001874DE /* Views */,
				8FABAFEA25532AE0001874DE /* ViewModels */,
				8FABAFCA25531594001874DE /* Assets.xcassets */,
				8FABAFCC25531594001874DE /* LaunchScreen.storyboard */,
				8FABAFCF25531594001874DE /* Info.plist */,
			);
			path = CombineKit;
			sourceTree = "<group>";
		};
		8FABAFEA25532AE0001874DE /* ViewModels */ = {
			isa = PBXGroup;
			children = (
				8FABAFE42553275F001874DE /* CombineViewModel.swift */,
			);
			path = ViewModels;
			sourceTree = "<group>";
		};
		8FABAFEC25532AEE001874DE /* Models */ = {
			isa = PBXGroup;
			children = (
				8FABAFDA25531B96001874DE /* ParsableModels.swift */,
				8FABAFDD25531BBC001874DE /* GloballyApplied.swift */,
			);
			path = Models;
			sourceTree = "<group>";
		};
		8FABAFED25532AF9001874DE /* ViewControllers */ = {
			isa = PBXGroup;
			children = (
				8FABAFD625531618001874DE /* BineViewController.swift */,
				8FABAFC525531590001874DE /* CombineDataSourceViewController.swift */,
				8FABB00E25536165001874DE /* InterfacingSwiftUIViewController.swift */,
			);
			path = ViewControllers;
			sourceTree = "<group>";
		};
		8FABAFEE25532B07001874DE /* Networking */ = {
			isa = PBXGroup;
			children = (
				8FABAFE025531BF2001874DE /* CombineNetworkPulls.swift */,
			);
			path = Networking;
			sourceTree = "<group>";
		};
		8FABAFEF25532B11001874DE /* Views */ = {
			isa = PBXGroup;
			children = (
				8FABAFE725532A76001874DE /* CustomizableCombineCell.swift */,
				8FABAFF025532B6F001874DE /* BineTableExtensions.swift */,
			);
			path = Views;
			sourceTree = "<group>";
		};
		8FABB0192553B93C001874DE /* SwiftUI Views */ = {
			isa = PBXGroup;
			children = (
				8FABB0162553B91E001874DE /* SwiftickDotUI.swift */,
				8FABB01125536C32001874DE /* UISwift.swift */,
			);
			path = "SwiftUI Views";
			sourceTree = "<group>";
		};
		EC69AA32EBC43485E3CBFDC8 /* Frameworks */ = {
			isa = PBXGroup;
			children = (
				6D357D5BE822BF9DCF86E6CA /* Pods_CombineKit.framework */,
			);
			name = Frameworks;
			sourceTree = "<group>";
		};
/* End PBXGroup section */

/* Begin PBXNativeTarget section */
		8FABAFBD25531590001874DE /* CombineKit */ = {
			isa = PBXNativeTarget;
			buildConfigurationList = 8FABAFD225531594001874DE /* Build configuration list for PBXNativeTarget "CombineKit" */;
			buildPhases = (
				7508C5B0168CF5E5541B1625 /* [CP] Check Pods Manifest.lock */,
				8FABAFBA25531590001874DE /* Sources */,
				8FABAFBB25531590001874DE /* Frameworks */,
				8FABAFBC25531590001874DE /* Resources */,
				22B174CA54854A5B250262C4 /* [CP] Embed Pods Frameworks */,
			);
			buildRules = (
			);
			dependencies = (
			);
			name = CombineKit;
			productName = CombineKit;
			productReference = 8FABAFBE25531590001874DE /* CombineKit.app */;
			productType = "com.apple.product-type.application";
		};
/* End PBXNativeTarget section */

/* Begin PBXProject section */
		8FABAFB625531590001874DE /* Project object */ = {
			isa = PBXProject;
			attributes = {
				LastSwiftUpdateCheck = 1210;
				LastUpgradeCheck = 1210;
				TargetAttributes = {
					8FABAFBD25531590001874DE = {
						CreatedOnToolsVersion = 12.1;
					};
				};
			};
			buildConfigurationList = 8FABAFB925531590001874DE /* Build configuration list for PBXProject "CombineKit" */;
			compatibilityVersion = "Xcode 9.3";
			developmentRegion = en;
			hasScannedForEncodings = 0;
			knownRegions = (
				en,
				Base,
			);
			mainGroup = 8FABAFB525531590001874DE;
			productRefGroup = 8FABAFBF25531590001874DE /* Products */;
			projectDirPath = "";
			projectRoot = "";
			targets = (
				8FABAFBD25531590001874DE /* CombineKit */,
			);
		};
/* End PBXProject section */

/* Begin PBXResourcesBuildPhase section */
		8FABAFBC25531590001874DE /* Resources */ = {
			isa = PBXResourcesBuildPhase;
			buildActionMask = 2147483647;
			files = (
				8FABAFCE25531594001874DE /* LaunchScreen.storyboard in Resources */,
				8FABAFCB25531594001874DE /* Assets.xcassets in Resources */,
			);
			runOnlyForDeploymentPostprocessing = 0;
		};
/* End PBXResourcesBuildPhase section */

/* Begin PBXShellScriptBuildPhase section */
		22B174CA54854A5B250262C4 /* [CP] Embed Pods Frameworks */ = {
			isa = PBXShellScriptBuildPhase;
			buildActionMask = 2147483647;
			files = (
			);
			inputFileListPaths = (
				"${PODS_ROOT}/Target Support Files/Pods-CombineKit/Pods-CombineKit-frameworks-${CONFIGURATION}-input-files.xcfilelist",
			);
			name = "[CP] Embed Pods Frameworks";
			outputFileListPaths = (
				"${PODS_ROOT}/Target Support Files/Pods-CombineKit/Pods-CombineKit-frameworks-${CONFIGURATION}-output-files.xcfilelist",
			);
			runOnlyForDeploymentPostprocessing = 0;
			shellPath = /bin/sh;
			shellScript = "\"${PODS_ROOT}/Target Support Files/Pods-CombineKit/Pods-CombineKit-frameworks.sh\"\n";
			showEnvVarsInLog = 0;
		};
		7508C5B0168CF5E5541B1625 /* [CP] Check Pods Manifest.lock */ = {
			isa = PBXShellScriptBuildPhase;
			buildActionMask = 2147483647;
			files = (
			);
			inputFileListPaths = (
			);
			inputPaths = (
				"${PODS_PODFILE_DIR_PATH}/Podfile.lock",
				"${PODS_ROOT}/Manifest.lock",
			);
			name = "[CP] Check Pods Manifest.lock";
			outputFileListPaths = (
			);
			outputPaths = (
				"$(DERIVED_FILE_DIR)/Pods-CombineKit-checkManifestLockResult.txt",
			);
			runOnlyForDeploymentPostprocessing = 0;
			shellPath = /bin/sh;
			shellScript = "diff \"${PODS_PODFILE_DIR_PATH}/Podfile.lock\" \"${PODS_ROOT}/Manifest.lock\" > /dev/null\nif [ $? != 0 ] ; then\n    # print error to STDERR\n    echo \"error: The sandbox is not in sync with the Podfile.lock. Run 'pod install' or update your CocoaPods installation.\" >&2\n    exit 1\nfi\n# This output is used by Xcode 'outputs' to avoid re-running this script phase.\necho \"SUCCESS\" > \"${SCRIPT_OUTPUT_FILE_0}\"\n";
			showEnvVarsInLog = 0;
		};
/* End PBXShellScriptBuildPhase section */

/* Begin PBXSourcesBuildPhase section */
		8FABAFBA25531590001874DE /* Sources */ = {
			isa = PBXSourcesBuildPhase;
			buildActionMask = 2147483647;
			files = (
				8FABAFE125531BF2001874DE /* CombineNetworkPulls.swift in Sources */,
				8FABAFDB25531B96001874DE /* ParsableModels.swift in Sources */,
				8FABAFE52553275F001874DE /* CombineViewModel.swift in Sources */,
				8FABB01225536C32001874DE /* UISwift.swift in Sources */,
				8FABAFD725531618001874DE /* BineViewController.swift in Sources */,
				8FABAFC625531590001874DE /* CombineDataSourceViewController.swift in Sources */,
				8FABB0172553B91E001874DE /* SwiftickDotUI.swift in Sources */,
				8FABAFC225531590001874DE /* AppDelegate.swift in Sources */,
				8FABB00F25536165001874DE /* InterfacingSwiftUIViewController.swift in Sources */,
				8FABAFC425531590001874DE /* SceneDelegate.swift in Sources */,
				8FABAFE825532A76001874DE /* CustomizableCombineCell.swift in Sources */,
				8FABAFF125532B6F001874DE /* BineTableExtensions.swift in Sources */,
				8FABAFDE25531BBC001874DE /* GloballyApplied.swift in Sources */,
			);
			runOnlyForDeploymentPostprocessing = 0;
		};
/* End PBXSourcesBuildPhase section */

/* Begin PBXVariantGroup section */
		8FABAFCC25531594001874DE /* LaunchScreen.storyboard */ = {
			isa = PBXVariantGroup;
			children = (
				8FABAFCD25531594001874DE /* Base */,
			);
			name = LaunchScreen.storyboard;
			sourceTree = "<group>";
		};
/* End PBXVariantGroup section */

/* Begin XCBuildConfiguration section */
		8FABAFD025531594001874DE /* Debug */ = {
			isa = XCBuildConfiguration;
			buildSettings = {
				ALWAYS_SEARCH_USER_PATHS = NO;
				CLANG_ANALYZER_NONNULL = YES;
				CLANG_ANALYZER_NUMBER_OBJECT_CONVERSION = YES_AGGRESSIVE;
				CLANG_CXX_LANGUAGE_STANDARD = "gnu++14";
				CLANG_CXX_LIBRARY = "libc++";
				CLANG_ENABLE_MODULES = YES;
				CLANG_ENABLE_OBJC_ARC = YES;
				CLANG_ENABLE_OBJC_WEAK = YES;
				CLANG_WARN_BLOCK_CAPTURE_AUTORELEASING = YES;
				CLANG_WARN_BOOL_CONVERSION = YES;
				CLANG_WARN_COMMA = YES;
				CLANG_WARN_CONSTANT_CONVERSION = YES;
				CLANG_WARN_DEPRECATED_OBJC_IMPLEMENTATIONS = YES;
				CLANG_WARN_DIRECT_OBJC_ISA_USAGE = YES_ERROR;
				CLANG_WARN_DOCUMENTATION_COMMENTS = YES;
				CLANG_WARN_EMPTY_BODY = YES;
				CLANG_WARN_ENUM_CONVERSION = YES;
				CLANG_WARN_INFINITE_RECURSION = YES;
				CLANG_WARN_INT_CONVERSION = YES;
				CLANG_WARN_NON_LITERAL_NULL_CONVERSION = YES;
				CLANG_WARN_OBJC_IMPLICIT_RETAIN_SELF = YES;
				CLANG_WARN_OBJC_LITERAL_CONVERSION = YES;
				CLANG_WARN_OBJC_ROOT_CLASS = YES_ERROR;
				CLANG_WARN_QUOTED_INCLUDE_IN_FRAMEWORK_HEADER = YES;
				CLANG_WARN_RANGE_LOOP_ANALYSIS = YES;
				CLANG_WARN_STRICT_PROTOTYPES = YES;
				CLANG_WARN_SUSPICIOUS_MOVE = YES;
				CLANG_WARN_UNGUARDED_AVAILABILITY = YES_AGGRESSIVE;
				CLANG_WARN_UNREACHABLE_CODE = YES;
				CLANG_WARN__DUPLICATE_METHOD_MATCH = YES;
				COPY_PHASE_STRIP = NO;
				DEBUG_INFORMATION_FORMAT = dwarf;
				ENABLE_STRICT_OBJC_MSGSEND = YES;
				ENABLE_TESTABILITY = YES;
				GCC_C_LANGUAGE_STANDARD = gnu11;
				GCC_DYNAMIC_NO_PIC = NO;
				GCC_NO_COMMON_BLOCKS = YES;
				GCC_OPTIMIZATION_LEVEL = 0;
				GCC_PREPROCESSOR_DEFINITIONS = (
					"DEBUG=1",
					"$(inherited)",
				);
				GCC_WARN_64_TO_32_BIT_CONVERSION = YES;
				GCC_WARN_ABOUT_RETURN_TYPE = YES_ERROR;
				GCC_WARN_UNDECLARED_SELECTOR = YES;
				GCC_WARN_UNINITIALIZED_AUTOS = YES_AGGRESSIVE;
				GCC_WARN_UNUSED_FUNCTION = YES;
				GCC_WARN_UNUSED_VARIABLE = YES;
				IPHONEOS_DEPLOYMENT_TARGET = 14.1;
				MTL_ENABLE_DEBUG_INFO = INCLUDE_SOURCE;
				MTL_FAST_MATH = YES;
				ONLY_ACTIVE_ARCH = YES;
				SDKROOT = iphoneos;
				SWIFT_ACTIVE_COMPILATION_CONDITIONS = DEBUG;
				SWIFT_OPTIMIZATION_LEVEL = "-Onone";
			};
			name = Debug;
		};
		8FABAFD125531594001874DE /* Release */ = {
			isa = XCBuildConfiguration;
			buildSettings = {
				ALWAYS_SEARCH_USER_PATHS = NO;
				CLANG_ANALYZER_NONNULL = YES;
				CLANG_ANALYZER_NUMBER_OBJECT_CONVERSION = YES_AGGRESSIVE;
				CLANG_CXX_LANGUAGE_STANDARD = "gnu++14";
				CLANG_CXX_LIBRARY = "libc++";
				CLANG_ENABLE_MODULES = YES;
				CLANG_ENABLE_OBJC_ARC = YES;
				CLANG_ENABLE_OBJC_WEAK = YES;
				CLANG_WARN_BLOCK_CAPTURE_AUTORELEASING = YES;
				CLANG_WARN_BOOL_CONVERSION = YES;
				CLANG_WARN_COMMA = YES;
				CLANG_WARN_CONSTANT_CONVERSION = YES;
				CLANG_WARN_DEPRECATED_OBJC_IMPLEMENTATIONS = YES;
				CLANG_WARN_DIRECT_OBJC_ISA_USAGE = YES_ERROR;
				CLANG_WARN_DOCUMENTATION_COMMENTS = YES;
				CLANG_WARN_EMPTY_BODY = YES;
				CLANG_WARN_ENUM_CONVERSION = YES;
				CLANG_WARN_INFINITE_RECURSION = YES;
				CLANG_WARN_INT_CONVERSION = YES;
				CLANG_WARN_NON_LITERAL_NULL_CONVERSION = YES;
				CLANG_WARN_OBJC_IMPLICIT_RETAIN_SELF = YES;
				CLANG_WARN_OBJC_LITERAL_CONVERSION = YES;
				CLANG_WARN_OBJC_ROOT_CLASS = YES_ERROR;
				CLANG_WARN_QUOTED_INCLUDE_IN_FRAMEWORK_HEADER = YES;
				CLANG_WARN_RANGE_LOOP_ANALYSIS = YES;
				CLANG_WARN_STRICT_PROTOTYPES = YES;
				CLANG_WARN_SUSPICIOUS_MOVE = YES;
				CLANG_WARN_UNGUARDED_AVAILABILITY = YES_AGGRESSIVE;
				CLANG_WARN_UNREACHABLE_CODE = YES;
				CLANG_WARN__DUPLICATE_METHOD_MATCH = YES;
				COPY_PHASE_STRIP = NO;
				DEBUG_INFORMATION_FORMAT = "dwarf-with-dsym";
				ENABLE_NS_ASSERTIONS = NO;
				ENABLE_STRICT_OBJC_MSGSEND = YES;
				GCC_C_LANGUAGE_STANDARD = gnu11;
				GCC_NO_COMMON_BLOCKS = YES;
				GCC_WARN_64_TO_32_BIT_CONVERSION = YES;
				GCC_WARN_ABOUT_RETURN_TYPE = YES_ERROR;
				GCC_WARN_UNDECLARED_SELECTOR = YES;
				GCC_WARN_UNINITIALIZED_AUTOS = YES_AGGRESSIVE;
				GCC_WARN_UNUSED_FUNCTION = YES;
				GCC_WARN_UNUSED_VARIABLE = YES;
				IPHONEOS_DEPLOYMENT_TARGET = 14.1;
				MTL_ENABLE_DEBUG_INFO = NO;
				MTL_FAST_MATH = YES;
				SDKROOT = iphoneos;
				SWIFT_COMPILATION_MODE = wholemodule;
				SWIFT_OPTIMIZATION_LEVEL = "-O";
				VALIDATE_PRODUCT = YES;
			};
			name = Release;
		};
		8FABAFD325531594001874DE /* Debug */ = {
			isa = XCBuildConfiguration;
			baseConfigurationReference = C56349CDA1BC2C5763EDAC00 /* Pods-CombineKit.debug.xcconfig */;
			buildSettings = {
				ASSETCATALOG_COMPILER_APPICON_NAME = AppIcon;
				ASSETCATALOG_COMPILER_GLOBAL_ACCENT_COLOR_NAME = AccentColor;
				CODE_SIGN_STYLE = Automatic;
				DEVELOPMENT_TEAM = FQGTQT3UZ8;
				INFOPLIST_FILE = CombineKit/Info.plist;
				LD_RUNPATH_SEARCH_PATHS = (
					"$(inherited)",
					"@executable_path/Frameworks",
				);
				PRODUCT_BUNDLE_IDENTIFIER = com.JerExplosion.CombineKit;
				PRODUCT_NAME = "$(TARGET_NAME)";
				SWIFT_VERSION = 5.0;
				TARGETED_DEVICE_FAMILY = "1,2";
			};
			name = Debug;
		};
		8FABAFD425531594001874DE /* Release */ = {
			isa = XCBuildConfiguration;
			baseConfigurationReference = 0A94AADFC0A2FBC8CD1A152C /* Pods-CombineKit.release.xcconfig */;
			buildSettings = {
				ASSETCATALOG_COMPILER_APPICON_NAME = AppIcon;
				ASSETCATALOG_COMPILER_GLOBAL_ACCENT_COLOR_NAME = AccentColor;
				CODE_SIGN_STYLE = Automatic;
				DEVELOPMENT_TEAM = FQGTQT3UZ8;
				INFOPLIST_FILE = CombineKit/Info.plist;
				LD_RUNPATH_SEARCH_PATHS = (
					"$(inherited)",
					"@executable_path/Frameworks",
				);
				PRODUCT_BUNDLE_IDENTIFIER = com.JerExplosion.CombineKit;
				PRODUCT_NAME = "$(TARGET_NAME)";
				SWIFT_VERSION = 5.0;
				TARGETED_DEVICE_FAMILY = "1,2";
			};
			name = Release;
		};
/* End XCBuildConfiguration section */

/* Begin XCConfigurationList section */
		8FABAFB925531590001874DE /* Build configuration list for PBXProject "CombineKit" */ = {
			isa = XCConfigurationList;
			buildConfigurations = (
				8FABAFD025531594001874DE /* Debug */,
				8FABAFD125531594001874DE /* Release */,
			);
			defaultConfigurationIsVisible = 0;
			defaultConfigurationName = Release;
		};
		8FABAFD225531594001874DE /* Build configuration list for PBXNativeTarget "CombineKit" */ = {
			isa = XCConfigurationList;
			buildConfigurations = (
				8FABAFD325531594001874DE /* Debug */,
				8FABAFD425531594001874DE /* Release */,
			);
			defaultConfigurationIsVisible = 0;
			defaultConfigurationName = Release;
		};
/* End XCConfigurationList section */
	};
	rootObject = 8FABAFB625531590001874DE /* Project object */;
}
