// !$*UTF8*$!
{
	archiveVersion = 1;
	classes = {
	};
	objectVersion = 51;
	objects = {

/* Begin PBXBuildFile section */
		44CBA49988F5743197568F78 /* Pods_RxSuru.framework in Frameworks */ = {isa = PBXBuildFile; fileRef = 99186DFE604132337F1B7FDB /* Pods_RxSuru.framework */; };
		8F1109B6243CF7BD00742ED0 /* TeburuBiewExtensions.swift in Sources */ = {isa = PBXBuildFile; fileRef = 8F1109B5243CF7BD00742ED0 /* TeburuBiewExtensions.swift */; };
		8F96D921243BA31B001531A1 /* AppDelegate.swift in Sources */ = {isa = PBXBuildFile; fileRef = 8F96D920243BA31B001531A1 /* AppDelegate.swift */; };
		8F96D923243BA31B001531A1 /* SceneDelegate.swift in Sources */ = {isa = PBXBuildFile; fileRef = 8F96D922243BA31B001531A1 /* SceneDelegate.swift */; };
		8F96D928243BA31B001531A1 /* Main.storyboard in Resources */ = {isa = PBXBuildFile; fileRef = 8F96D926243BA31B001531A1 /* Main.storyboard */; };
		8F96D92A243BA31D001531A1 /* Assets.xcassets in Resources */ = {isa = PBXBuildFile; fileRef = 8F96D929243BA31D001531A1 /* Assets.xcassets */; };
		8F96D92D243BA31D001531A1 /* LaunchScreen.storyboard in Resources */ = {isa = PBXBuildFile; fileRef = 8F96D92B243BA31D001531A1 /* LaunchScreen.storyboard */; };
		8F96D935243BA458001531A1 /* TaskRisutoVC.swift in Sources */ = {isa = PBXBuildFile; fileRef = 8F96D934243BA458001531A1 /* TaskRisutoVC.swift */; };
		8F96D937243BA897001531A1 /* GlobalConstants.swift in Sources */ = {isa = PBXBuildFile; fileRef = 8F96D936243BA897001531A1 /* GlobalConstants.swift */; };
		8F96D939243BAB1B001531A1 /* CreateTaskVC.swift in Sources */ = {isa = PBXBuildFile; fileRef = 8F96D938243BAB1B001531A1 /* CreateTaskVC.swift */; };
		8F96D93B243BAEE9001531A1 /* TaskModel.swift in Sources */ = {isa = PBXBuildFile; fileRef = 8F96D93A243BAEE9001531A1 /* TaskModel.swift */; };
/* End PBXBuildFile section */

/* Begin PBXFileReference section */
		866BFBC45C643A30B2E5C3D6 /* Pods-RxSuru.debug.xcconfig */ = {isa = PBXFileReference; includeInIndex = 1; lastKnownFileType = text.xcconfig; name = "Pods-RxSuru.debug.xcconfig"; path = "Target Support Files/Pods-RxSuru/Pods-RxSuru.debug.xcconfig"; sourceTree = "<group>"; };
		8F1109B5243CF7BD00742ED0 /* TeburuBiewExtensions.swift */ = {isa = PBXFileReference; lastKnownFileType = sourcecode.swift; path = TeburuBiewExtensions.swift; sourceTree = "<group>"; };
		8F96D91D243BA31B001531A1 /* RxSuru.app */ = {isa = PBXFileReference; explicitFileType = wrapper.application; includeInIndex = 0; path = RxSuru.app; sourceTree = BUILT_PRODUCTS_DIR; };
		8F96D920243BA31B001531A1 /* AppDelegate.swift */ = {isa = PBXFileReference; lastKnownFileType = sourcecode.swift; path = AppDelegate.swift; sourceTree = "<group>"; };
		8F96D922243BA31B001531A1 /* SceneDelegate.swift */ = {isa = PBXFileReference; lastKnownFileType = sourcecode.swift; path = SceneDelegate.swift; sourceTree = "<group>"; };
		8F96D927243BA31B001531A1 /* Base */ = {isa = PBXFileReference; lastKnownFileType = file.storyboard; name = Base; path = Base.lproj/Main.storyboard; sourceTree = "<group>"; };
		8F96D929243BA31D001531A1 /* Assets.xcassets */ = {isa = PBXFileReference; lastKnownFileType = folder.assetcatalog; path = Assets.xcassets; sourceTree = "<group>"; };
		8F96D92C243BA31D001531A1 /* Base */ = {isa = PBXFileReference; lastKnownFileType = file.storyboard; name = Base; path = Base.lproj/LaunchScreen.storyboard; sourceTree = "<group>"; };
		8F96D92E243BA31D001531A1 /* Info.plist */ = {isa = PBXFileReference; lastKnownFileType = text.plist.xml; path = Info.plist; sourceTree = "<group>"; };
		8F96D934243BA458001531A1 /* TaskRisutoVC.swift */ = {isa = PBXFileReference; lastKnownFileType = sourcecode.swift; path = TaskRisutoVC.swift; sourceTree = "<group>"; };
		8F96D936243BA897001531A1 /* GlobalConstants.swift */ = {isa = PBXFileReference; lastKnownFileType = sourcecode.swift; path = GlobalConstants.swift; sourceTree = "<group>"; };
		8F96D938243BAB1B001531A1 /* CreateTaskVC.swift */ = {isa = PBXFileReference; lastKnownFileType = sourcecode.swift; path = CreateTaskVC.swift; sourceTree = "<group>"; };
		8F96D93A243BAEE9001531A1 /* TaskModel.swift */ = {isa = PBXFileReference; lastKnownFileType = sourcecode.swift; path = TaskModel.swift; sourceTree = "<group>"; };
		99186DFE604132337F1B7FDB /* Pods_RxSuru.framework */ = {isa = PBXFileReference; explicitFileType = wrapper.framework; includeInIndex = 0; path = Pods_RxSuru.framework; sourceTree = BUILT_PRODUCTS_DIR; };
		B7E3AEB457EE311BBC9F6E80 /* Pods-RxSuru.release.xcconfig */ = {isa = PBXFileReference; includeInIndex = 1; lastKnownFileType = text.xcconfig; name = "Pods-RxSuru.release.xcconfig"; path = "Target Support Files/Pods-RxSuru/Pods-RxSuru.release.xcconfig"; sourceTree = "<group>"; };
/* End PBXFileReference section */

/* Begin PBXFrameworksBuildPhase section */
		8F96D91A243BA31B001531A1 /* Frameworks */ = {
			isa = PBXFrameworksBuildPhase;
			buildActionMask = 2147483647;
			files = (
				44CBA49988F5743197568F78 /* Pods_RxSuru.framework in Frameworks */,
			);
			runOnlyForDeploymentPostprocessing = 0;
		};
/* End PBXFrameworksBuildPhase section */

/* Begin PBXGroup section */
		212C92EA36A4882FFA7581F2 /* Frameworks */ = {
			isa = PBXGroup;
			children = (
				99186DFE604132337F1B7FDB /* Pods_RxSuru.framework */,
			);
			name = Frameworks;
			sourceTree = "<group>";
		};
		8982D5976D5CD2C473E319A1 /* Pods */ = {
			isa = PBXGroup;
			children = (
				866BFBC45C643A30B2E5C3D6 /* Pods-RxSuru.debug.xcconfig */,
				B7E3AEB457EE311BBC9F6E80 /* Pods-RxSuru.release.xcconfig */,
			);
			path = Pods;
			sourceTree = "<group>";
		};
		8F5182E0243CCF43004A45D9 /* Models */ = {
			isa = PBXGroup;
			children = (
				8F96D936243BA897001531A1 /* GlobalConstants.swift */,
				8F96D93A243BAEE9001531A1 /* TaskModel.swift */,
			);
			path = Models;
			sourceTree = "<group>";
		};
		8F80BC61243BCB0F00A7CA37 /* View Controllers */ = {
			isa = PBXGroup;
			children = (
				8F96D938243BAB1B001531A1 /* CreateTaskVC.swift */,
				8F96D934243BA458001531A1 /* TaskRisutoVC.swift */,
			);
			path = "View Controllers";
			sourceTree = "<group>";
		};
		8F96D914243BA31A001531A1 = {
			isa = PBXGroup;
			children = (
				8F96D91F243BA31B001531A1 /* RxSuru */,
				8F96D91E243BA31B001531A1 /* Products */,
				8982D5976D5CD2C473E319A1 /* Pods */,
				212C92EA36A4882FFA7581F2 /* Frameworks */,
			);
			sourceTree = "<group>";
		};
		8F96D91E243BA31B001531A1 /* Products */ = {
			isa = PBXGroup;
			children = (
				8F96D91D243BA31B001531A1 /* RxSuru.app */,
			);
			name = Products;
			sourceTree = "<group>";
		};
		8F96D91F243BA31B001531A1 /* RxSuru */ = {
			isa = PBXGroup;
			children = (
				8FC9FA96243D4606005F212A /* Delegates */,
				8F80BC61243BCB0F00A7CA37 /* View Controllers */,
				8FC9FA95243D45E0005F212A /* Views */,
				8F5182E0243CCF43004A45D9 /* Models */,
				8F96D929243BA31D001531A1 /* Assets.xcassets */,
				8F96D92E243BA31D001531A1 /* Info.plist */,
			);
			path = RxSuru;
			sourceTree = "<group>";
		};
		8FC9FA95243D45E0005F212A /* Views */ = {
			isa = PBXGroup;
			children = (
				8F96D92B243BA31D001531A1 /* LaunchScreen.storyboard */,
				8F96D926243BA31B001531A1 /* Main.storyboard */,
				8F1109B5243CF7BD00742ED0 /* TeburuBiewExtensions.swift */,
			);
			path = Views;
			sourceTree = "<group>";
		};
		8FC9FA96243D4606005F212A /* Delegates */ = {
			isa = PBXGroup;
			children = (
				8F96D922243BA31B001531A1 /* SceneDelegate.swift */,
				8F96D920243BA31B001531A1 /* AppDelegate.swift */,
			);
			path = Delegates;
			sourceTree = "<group>";
		};
/* End PBXGroup section */

/* Begin PBXNativeTarget section */
		8F96D91C243BA31B001531A1 /* RxSuru */ = {
			isa = PBXNativeTarget;
			buildConfigurationList = 8F96D931243BA31D001531A1 /* Build configuration list for PBXNativeTarget "RxSuru" */;
			buildPhases = (
				B4C4DBDD0853D5B4F482D1BF /* [CP] Check Pods Manifest.lock */,
				8F96D919243BA31B001531A1 /* Sources */,
				8F96D91A243BA31B001531A1 /* Frameworks */,
				8F96D91B243BA31B001531A1 /* Resources */,
				3D888F5AF2E17BB956D5A679 /* [CP] Embed Pods Frameworks */,
			);
			buildRules = (
			);
			dependencies = (
			);
			name = RxSuru;
			productName = RxSuru;
			productReference = 8F96D91D243BA31B001531A1 /* RxSuru.app */;
			productType = "com.apple.product-type.application";
		};
/* End PBXNativeTarget section */

/* Begin PBXProject section */
		8F96D915243BA31A001531A1 /* Project object */ = {
			isa = PBXProject;
			attributes = {
				LastSwiftUpdateCheck = 1120;
				LastUpgradeCheck = 1120;
				ORGANIZATIONNAME = "Jerry Ren";
				TargetAttributes = {
					8F96D91C243BA31B001531A1 = {
						CreatedOnToolsVersion = 11.2;
					};
				};
			};
			buildConfigurationList = 8F96D918243BA31A001531A1 /* Build configuration list for PBXProject "RxSuru" */;
			compatibilityVersion = "Xcode 9.3";
			developmentRegion = en;
			hasScannedForEncodings = 0;
			knownRegions = (
				en,
				Base,
			);
			mainGroup = 8F96D914243BA31A001531A1;
			productRefGroup = 8F96D91E243BA31B001531A1 /* Products */;
			projectDirPath = "";
			projectRoot = "";
			targets = (
				8F96D91C243BA31B001531A1 /* RxSuru */,
			);
		};
/* End PBXProject section */

/* Begin PBXResourcesBuildPhase section */
		8F96D91B243BA31B001531A1 /* Resources */ = {
			isa = PBXResourcesBuildPhase;
			buildActionMask = 2147483647;
			files = (
				8F96D92D243BA31D001531A1 /* LaunchScreen.storyboard in Resources */,
				8F96D92A243BA31D001531A1 /* Assets.xcassets in Resources */,
				8F96D928243BA31B001531A1 /* Main.storyboard in Resources */,
			);
			runOnlyForDeploymentPostprocessing = 0;
		};
/* End PBXResourcesBuildPhase section */

/* Begin PBXShellScriptBuildPhase section */
		3D888F5AF2E17BB956D5A679 /* [CP] Embed Pods Frameworks */ = {
			isa = PBXShellScriptBuildPhase;
			buildActionMask = 2147483647;
			files = (
			);
			inputFileListPaths = (
				"${PODS_ROOT}/Target Support Files/Pods-RxSuru/Pods-RxSuru-frameworks-${CONFIGURATION}-input-files.xcfilelist",
			);
			name = "[CP] Embed Pods Frameworks";
			outputFileListPaths = (
				"${PODS_ROOT}/Target Support Files/Pods-RxSuru/Pods-RxSuru-frameworks-${CONFIGURATION}-output-files.xcfilelist",
			);
			runOnlyForDeploymentPostprocessing = 0;
			shellPath = /bin/sh;
			shellScript = "\"${PODS_ROOT}/Target Support Files/Pods-RxSuru/Pods-RxSuru-frameworks.sh\"\n";
			showEnvVarsInLog = 0;
		};
		B4C4DBDD0853D5B4F482D1BF /* [CP] Check Pods Manifest.lock */ = {
			isa = PBXShellScriptBuildPhase;
			buildActionMask = 2147483647;
			files = (
			);
			inputFileListPaths = (
			);
			inputPaths = (
				"${PODS_PODFILE_DIR_PATH}/Podfile.lock",
				"${PODS_ROOT}/Manifest.lock",
			);
			name = "[CP] Check Pods Manifest.lock";
			outputFileListPaths = (
			);
			outputPaths = (
				"$(DERIVED_FILE_DIR)/Pods-RxSuru-checkManifestLockResult.txt",
			);
			runOnlyForDeploymentPostprocessing = 0;
			shellPath = /bin/sh;
			shellScript = "diff \"${PODS_PODFILE_DIR_PATH}/Podfile.lock\" \"${PODS_ROOT}/Manifest.lock\" > /dev/null\nif [ $? != 0 ] ; then\n    # print error to STDERR\n    echo \"error: The sandbox is not in sync with the Podfile.lock. Run 'pod install' or update your CocoaPods installation.\" >&2\n    exit 1\nfi\n# This output is used by Xcode 'outputs' to avoid re-running this script phase.\necho \"SUCCESS\" > \"${SCRIPT_OUTPUT_FILE_0}\"\n";
			showEnvVarsInLog = 0;
		};
/* End PBXShellScriptBuildPhase section */

/* Begin PBXSourcesBuildPhase section */
		8F96D919243BA31B001531A1 /* Sources */ = {
			isa = PBXSourcesBuildPhase;
			buildActionMask = 2147483647;
			files = (
				8F96D93B243BAEE9001531A1 /* TaskModel.swift in Sources */,
				8F96D935243BA458001531A1 /* TaskRisutoVC.swift in Sources */,
				8F1109B6243CF7BD00742ED0 /* TeburuBiewExtensions.swift in Sources */,
				8F96D921243BA31B001531A1 /* AppDelegate.swift in Sources */,
				8F96D937243BA897001531A1 /* GlobalConstants.swift in Sources */,
				8F96D939243BAB1B001531A1 /* CreateTaskVC.swift in Sources */,
				8F96D923243BA31B001531A1 /* SceneDelegate.swift in Sources */,
			);
			runOnlyForDeploymentPostprocessing = 0;
		};
/* End PBXSourcesBuildPhase section */

/* Begin PBXVariantGroup section */
		8F96D926243BA31B001531A1 /* Main.storyboard */ = {
			isa = PBXVariantGroup;
			children = (
				8F96D927243BA31B001531A1 /* Base */,
			);
			name = Main.storyboard;
			sourceTree = "<group>";
		};
		8F96D92B243BA31D001531A1 /* LaunchScreen.storyboard */ = {
			isa = PBXVariantGroup;
			children = (
				8F96D92C243BA31D001531A1 /* Base */,
			);
			name = LaunchScreen.storyboard;
			sourceTree = "<group>";
		};
/* End PBXVariantGroup section */

/* Begin XCBuildConfiguration section */
		8F96D92F243BA31D001531A1 /* Debug */ = {
			isa = XCBuildConfiguration;
			buildSettings = {
				ALWAYS_SEARCH_USER_PATHS = NO;
				CLANG_ANALYZER_NONNULL = YES;
				CLANG_ANALYZER_NUMBER_OBJECT_CONVERSION = YES_AGGRESSIVE;
				CLANG_CXX_LANGUAGE_STANDARD = "gnu++14";
				CLANG_CXX_LIBRARY = "libc++";
				CLANG_ENABLE_MODULES = YES;
				CLANG_ENABLE_OBJC_ARC = YES;
				CLANG_ENABLE_OBJC_WEAK = YES;
				CLANG_WARN_BLOCK_CAPTURE_AUTORELEASING = YES;
				CLANG_WARN_BOOL_CONVERSION = YES;
				CLANG_WARN_COMMA = YES;
				CLANG_WARN_CONSTANT_CONVERSION = YES;
				CLANG_WARN_DEPRECATED_OBJC_IMPLEMENTATIONS = YES;
				CLANG_WARN_DIRECT_OBJC_ISA_USAGE = YES_ERROR;
				CLANG_WARN_DOCUMENTATION_COMMENTS = YES;
				CLANG_WARN_EMPTY_BODY = YES;
				CLANG_WARN_ENUM_CONVERSION = YES;
				CLANG_WARN_INFINITE_RECURSION = YES;
				CLANG_WARN_INT_CONVERSION = YES;
				CLANG_WARN_NON_LITERAL_NULL_CONVERSION = YES;
				CLANG_WARN_OBJC_IMPLICIT_RETAIN_SELF = YES;
				CLANG_WARN_OBJC_LITERAL_CONVERSION = YES;
				CLANG_WARN_OBJC_ROOT_CLASS = YES_ERROR;
				CLANG_WARN_RANGE_LOOP_ANALYSIS = YES;
				CLANG_WARN_STRICT_PROTOTYPES = YES;
				CLANG_WARN_SUSPICIOUS_MOVE = YES;
				CLANG_WARN_UNGUARDED_AVAILABILITY = YES_AGGRESSIVE;
				CLANG_WARN_UNREACHABLE_CODE = YES;
				CLANG_WARN__DUPLICATE_METHOD_MATCH = YES;
				COPY_PHASE_STRIP = NO;
				DEBUG_INFORMATION_FORMAT = dwarf;
				ENABLE_STRICT_OBJC_MSGSEND = YES;
				ENABLE_TESTABILITY = YES;
				GCC_C_LANGUAGE_STANDARD = gnu11;
				GCC_DYNAMIC_NO_PIC = NO;
				GCC_NO_COMMON_BLOCKS = YES;
				GCC_OPTIMIZATION_LEVEL = 0;
				GCC_PREPROCESSOR_DEFINITIONS = (
					"DEBUG=1",
					"$(inherited)",
				);
				GCC_WARN_64_TO_32_BIT_CONVERSION = YES;
				GCC_WARN_ABOUT_RETURN_TYPE = YES_ERROR;
				GCC_WARN_UNDECLARED_SELECTOR = YES;
				GCC_WARN_UNINITIALIZED_AUTOS = YES_AGGRESSIVE;
				GCC_WARN_UNUSED_FUNCTION = YES;
				GCC_WARN_UNUSED_VARIABLE = YES;
				IPHONEOS_DEPLOYMENT_TARGET = 13.2;
				MTL_ENABLE_DEBUG_INFO = INCLUDE_SOURCE;
				MTL_FAST_MATH = YES;
				ONLY_ACTIVE_ARCH = YES;
				SDKROOT = iphoneos;
				SWIFT_ACTIVE_COMPILATION_CONDITIONS = DEBUG;
				SWIFT_OPTIMIZATION_LEVEL = "-Onone";
			};
			name = Debug;
		};
		8F96D930243BA31D001531A1 /* Release */ = {
			isa = XCBuildConfiguration;
			buildSettings = {
				ALWAYS_SEARCH_USER_PATHS = NO;
				CLANG_ANALYZER_NONNULL = YES;
				CLANG_ANALYZER_NUMBER_OBJECT_CONVERSION = YES_AGGRESSIVE;
				CLANG_CXX_LANGUAGE_STANDARD = "gnu++14";
				CLANG_CXX_LIBRARY = "libc++";
				CLANG_ENABLE_MODULES = YES;
				CLANG_ENABLE_OBJC_ARC = YES;
				CLANG_ENABLE_OBJC_WEAK = YES;
				CLANG_WARN_BLOCK_CAPTURE_AUTORELEASING = YES;
				CLANG_WARN_BOOL_CONVERSION = YES;
				CLANG_WARN_COMMA = YES;
				CLANG_WARN_CONSTANT_CONVERSION = YES;
				CLANG_WARN_DEPRECATED_OBJC_IMPLEMENTATIONS = YES;
				CLANG_WARN_DIRECT_OBJC_ISA_USAGE = YES_ERROR;
				CLANG_WARN_DOCUMENTATION_COMMENTS = YES;
				CLANG_WARN_EMPTY_BODY = YES;
				CLANG_WARN_ENUM_CONVERSION = YES;
				CLANG_WARN_INFINITE_RECURSION = YES;
				CLANG_WARN_INT_CONVERSION = YES;
				CLANG_WARN_NON_LITERAL_NULL_CONVERSION = YES;
				CLANG_WARN_OBJC_IMPLICIT_RETAIN_SELF = YES;
				CLANG_WARN_OBJC_LITERAL_CONVERSION = YES;
				CLANG_WARN_OBJC_ROOT_CLASS = YES_ERROR;
				CLANG_WARN_RANGE_LOOP_ANALYSIS = YES;
				CLANG_WARN_STRICT_PROTOTYPES = YES;
				CLANG_WARN_SUSPICIOUS_MOVE = YES;
				CLANG_WARN_UNGUARDED_AVAILABILITY = YES_AGGRESSIVE;
				CLANG_WARN_UNREACHABLE_CODE = YES;
				CLANG_WARN__DUPLICATE_METHOD_MATCH = YES;
				COPY_PHASE_STRIP = NO;
				DEBUG_INFORMATION_FORMAT = "dwarf-with-dsym";
				ENABLE_NS_ASSERTIONS = NO;
				ENABLE_STRICT_OBJC_MSGSEND = YES;
				GCC_C_LANGUAGE_STANDARD = gnu11;
				GCC_NO_COMMON_BLOCKS = YES;
				GCC_WARN_64_TO_32_BIT_CONVERSION = YES;
				GCC_WARN_ABOUT_RETURN_TYPE = YES_ERROR;
				GCC_WARN_UNDECLARED_SELECTOR = YES;
				GCC_WARN_UNINITIALIZED_AUTOS = YES_AGGRESSIVE;
				GCC_WARN_UNUSED_FUNCTION = YES;
				GCC_WARN_UNUSED_VARIABLE = YES;
				IPHONEOS_DEPLOYMENT_TARGET = 13.2;
				MTL_ENABLE_DEBUG_INFO = NO;
				MTL_FAST_MATH = YES;
				SDKROOT = iphoneos;
				SWIFT_COMPILATION_MODE = wholemodule;
				SWIFT_OPTIMIZATION_LEVEL = "-O";
				VALIDATE_PRODUCT = YES;
			};
			name = Release;
		};
		8F96D932243BA31D001531A1 /* Debug */ = {
			isa = XCBuildConfiguration;
			baseConfigurationReference = 866BFBC45C643A30B2E5C3D6 /* Pods-RxSuru.debug.xcconfig */;
			buildSettings = {
				ASSETCATALOG_COMPILER_APPICON_NAME = AppIcon;
				CODE_SIGN_STYLE = Automatic;
				INFOPLIST_FILE = RxSuru/Info.plist;
				LD_RUNPATH_SEARCH_PATHS = (
					"$(inherited)",
					"@executable_path/Frameworks",
				);
				PRODUCT_BUNDLE_IDENTIFIER = com.JerryRen.RxSuru;
				PRODUCT_NAME = "$(TARGET_NAME)";
				SWIFT_VERSION = 5.0;
				TARGETED_DEVICE_FAMILY = "1,2";
			};
			name = Debug;
		};
		8F96D933243BA31D001531A1 /* Release */ = {
			isa = XCBuildConfiguration;
			baseConfigurationReference = B7E3AEB457EE311BBC9F6E80 /* Pods-RxSuru.release.xcconfig */;
			buildSettings = {
				ASSETCATALOG_COMPILER_APPICON_NAME = AppIcon;
				CODE_SIGN_STYLE = Automatic;
				INFOPLIST_FILE = RxSuru/Info.plist;
				LD_RUNPATH_SEARCH_PATHS = (
					"$(inherited)",
					"@executable_path/Frameworks",
				);
				PRODUCT_BUNDLE_IDENTIFIER = com.JerryRen.RxSuru;
				PRODUCT_NAME = "$(TARGET_NAME)";
				SWIFT_VERSION = 5.0;
				TARGETED_DEVICE_FAMILY = "1,2";
			};
			name = Release;
		};
/* End XCBuildConfiguration section */

/* Begin XCConfigurationList section */
		8F96D918243BA31A001531A1 /* Build configuration list for PBXProject "RxSuru" */ = {
			isa = XCConfigurationList;
			buildConfigurations = (
				8F96D92F243BA31D001531A1 /* Debug */,
				8F96D930243BA31D001531A1 /* Release */,
			);
			defaultConfigurationIsVisible = 0;
			defaultConfigurationName = Release;
		};
		8F96D931243BA31D001531A1 /* Build configuration list for PBXNativeTarget "RxSuru" */ = {
			isa = XCConfigurationList;
			buildConfigurations = (
				8F96D932243BA31D001531A1 /* Debug */,
				8F96D933243BA31D001531A1 /* Release */,
			);
			defaultConfigurationIsVisible = 0;
			defaultConfigurationName = Release;
		};
/* End XCConfigurationList section */
	};
	rootObject = 8F96D915243BA31A001531A1 /* Project object */;
}
